
Microsoft Visual Studio Solution File, Format Version 12.00
# Visual Studio Version 17
VisualStudioVersion = 17.10.35027.167
MinimumVisualStudioVersion = 10.0.40219.1
Project("{FAE04EC0-301F-11D3-BF4B-00C04F79EFBC}") = "ExerciciosCSharp", "ExerciciosCSharp\ExerciciosCSharp.csproj", "{B46601DB-3928-4F1D-9D69-1CFBED982C31}"
EndProject
Global
	GlobalSection(SolutionConfigurationPlatforms) = preSolution
		Debug|Any CPU = Debug|Any CPU
		Release|Any CPU = Release|Any CPU
	EndGlobalSection
	GlobalSection(ProjectConfigurationPlatforms) = postSolution
		{B46601DB-3928-4F1D-9D69-1CFBED982C31}.Debug|Any CPU.ActiveCfg = Debug|Any CPU
		{B46601DB-3928-4F1D-9D69-1CFBED982C31}.Debug|Any CPU.Build.0 = Debug|Any CPU
		{B46601DB-3928-4F1D-9D69-1CFBED982C31}.Release|Any CPU.ActiveCfg = Release|Any CPU
		{B46601DB-3928-4F1D-9D69-1CFBED982C31}.Release|Any CPU.Build.0 = Release|Any CPU
	EndGlobalSection
	GlobalSection(SolutionProperties) = preSolution
		HideSolutionNode = FALSE
	EndGlobalSection
	GlobalSection(ExtensibilityGlobals) = postSolution
		SolutionGuid = {97AD0567-BCD6-40F2-A99A-B8BA38520CF5}
	EndGlobalSection
EndGlobal
